
Microsoft Visual Studio Solution File, Format Version 12.00
# Visual Studio Version 16
VisualStudioVersion = 16.0.31402.337
MinimumVisualStudioVersion = 10.0.40219.1
Project("{FAE04EC0-301F-11D3-BF4B-00C04F79EFBC}") = "MySqlDotnetCore", "MySqlDotnetCore\MySqlDotnetCore.csproj", "{48F16314-AB7D-42C3-A39F-862C5190F0ED}"
EndProject
Global
	GlobalSection(SolutionConfigurationPlatforms) = preSolution
		Debug|Any CPU = Debug|Any CPU
		Release|Any CPU = Release|Any CPU
	EndGlobalSection
	GlobalSection(ProjectConfigurationPlatforms) = postSolution
		{48F16314-AB7D-42C3-A39F-862C5190F0ED}.Debug|Any CPU.ActiveCfg = Debug|Any CPU
		{48F16314-AB7D-42C3-A39F-862C5190F0ED}.Debug|Any CPU.Build.0 = Debug|Any CPU
		{48F16314-AB7D-42C3-A39F-862C5190F0ED}.Release|Any CPU.ActiveCfg = Release|Any CPU
		{48F16314-AB7D-42C3-A39F-862C5190F0ED}.Release|Any CPU.Build.0 = Release|Any CPU
	EndGlobalSection
	GlobalSection(SolutionProperties) = preSolution
		HideSolutionNode = FALSE
	EndGlobalSection
	GlobalSection(ExtensibilityGlobals) = postSolution
		SolutionGuid = {BCBA5E4F-ED20-47E2-9291-24808FBC835F}
	EndGlobalSection
EndGlobal
