
Microsoft Visual Studio Solution File, Format Version 12.00
# Visual Studio Version 16
VisualStudioVersion = 16.0.30204.135
MinimumVisualStudioVersion = 10.0.40219.1
Project("{FAE04EC0-301F-11D3-BF4B-00C04F79EFBC}") = "MySqlDotnetCore", "MySqlDotnetCore\MySqlDotnetCore.csproj", "{FB6BF1A0-4BA1-4F62-9944-79F95F092438}"
EndProject
Global
	GlobalSection(SolutionConfigurationPlatforms) = preSolution
		Debug|Any CPU = Debug|Any CPU
		Release|Any CPU = Release|Any CPU
	EndGlobalSection
	GlobalSection(ProjectConfigurationPlatforms) = postSolution
		{FB6BF1A0-4BA1-4F62-9944-79F95F092438}.Debug|Any CPU.ActiveCfg = Debug|Any CPU
		{FB6BF1A0-4BA1-4F62-9944-79F95F092438}.Debug|Any CPU.Build.0 = Debug|Any CPU
		{FB6BF1A0-4BA1-4F62-9944-79F95F092438}.Release|Any CPU.ActiveCfg = Release|Any CPU
		{FB6BF1A0-4BA1-4F62-9944-79F95F092438}.Release|Any CPU.Build.0 = Release|Any CPU
	EndGlobalSection
	GlobalSection(SolutionProperties) = preSolution
		HideSolutionNode = FALSE
	EndGlobalSection
	GlobalSection(ExtensibilityGlobals) = postSolution
		SolutionGuid = {7F09C5F8-3663-456E-9316-FF9B2867CA97}
	EndGlobalSection
EndGlobal
