
Microsoft Visual Studio Solution File, Format Version 12.00
# Visual Studio 15
VisualStudioVersion = 15.0.26730.10
MinimumVisualStudioVersion = 10.0.40219.1
Project("{2150E333-8FDC-42A3-9474-1A3956D46DE8}") = "Solution Items", "Solution Items", "{FD942558-5A6C-4E88-8C6F-38991C622EB5}"
	ProjectSection(SolutionItems) = preProject
		README.md = README.md
	EndProjectSection
EndProject
Project("{9A19103F-16F7-4668-BE54-9A1E7A4F7556}") = "MySqlDotnetCore", "MySqlDotnetCore\MySqlDotnetCore.csproj", "{8F149993-56B7-469F-90BB-1A6729ED5314}"
EndProject
Global
	GlobalSection(SolutionConfigurationPlatforms) = preSolution
		Debug|Any CPU = Debug|Any CPU
		Release|Any CPU = Release|Any CPU
	EndGlobalSection
	GlobalSection(ProjectConfigurationPlatforms) = postSolution
		{8F149993-56B7-469F-90BB-1A6729ED5314}.Debug|Any CPU.ActiveCfg = Debug|Any CPU
		{8F149993-56B7-469F-90BB-1A6729ED5314}.Debug|Any CPU.Build.0 = Debug|Any CPU
		{8F149993-56B7-469F-90BB-1A6729ED5314}.Release|Any CPU.ActiveCfg = Release|Any CPU
		{8F149993-56B7-469F-90BB-1A6729ED5314}.Release|Any CPU.Build.0 = Release|Any CPU
	EndGlobalSection
	GlobalSection(SolutionProperties) = preSolution
		HideSolutionNode = FALSE
	EndGlobalSection
	GlobalSection(ExtensibilityGlobals) = postSolution
		SolutionGuid = {C6BEA37F-785C-42A5-85B9-EE1C8B142A0D}
	EndGlobalSection
EndGlobal
